// !$*UTF8*$!
{
	archiveVersion = 1;
	classes = {
	};
	objectVersion = 46;
	objects = {

/* Begin PBXBuildFile section */
		A3CC9E131DA419380006369F /* AppDelegate.swift in Sources */ = {isa = PBXBuildFile; fileRef = A3CC9E121DA419380006369F /* AppDelegate.swift */; };
		A3CC9E1A1DA419380006369F /* Main.storyboard in Resources */ = {isa = PBXBuildFile; fileRef = A3CC9E181DA419380006369F /* Main.storyboard */; };
		A3CC9E1C1DA419380006369F /* Assets.xcassets in Resources */ = {isa = PBXBuildFile; fileRef = A3CC9E1B1DA419380006369F /* Assets.xcassets */; };
		A3CC9E1F1DA419380006369F /* LaunchScreen.storyboard in Resources */ = {isa = PBXBuildFile; fileRef = A3CC9E1D1DA419380006369F /* LaunchScreen.storyboard */; };
		A3CC9E2C1DA41A630006369F /* FlightViewController.swift in Sources */ = {isa = PBXBuildFile; fileRef = A3CC9E2A1DA41A630006369F /* FlightViewController.swift */; };
		A3CC9E2E1DA41A710006369F /* BusViewController.swift in Sources */ = {isa = PBXBuildFile; fileRef = A3CC9E2D1DA41A710006369F /* BusViewController.swift */; };
		A3CC9E301DA41A7C0006369F /* TrainViewController.swift in Sources */ = {isa = PBXBuildFile; fileRef = A3CC9E2F1DA41A7C0006369F /* TrainViewController.swift */; };
/* End PBXBuildFile section */

/* Begin PBXFileReference section */
		A3CC9E0F1DA419380006369F /* GoEuroTest.app */ = {isa = PBXFileReference; explicitFileType = wrapper.application; includeInIndex = 0; path = GoEuroTest.app; sourceTree = BUILT_PRODUCTS_DIR; };
		A3CC9E121DA419380006369F /* AppDelegate.swift */ = {isa = PBXFileReference; lastKnownFileType = sourcecode.swift; path = AppDelegate.swift; sourceTree = "<group>"; };
		A3CC9E191DA419380006369F /* Base */ = {isa = PBXFileReference; lastKnownFileType = file.storyboard; name = Base; path = Base.lproj/Main.storyboard; sourceTree = "<group>"; };
		A3CC9E1B1DA419380006369F /* Assets.xcassets */ = {isa = PBXFileReference; lastKnownFileType = folder.assetcatalog; path = Assets.xcassets; sourceTree = "<group>"; };
		A3CC9E1E1DA419380006369F /* Base */ = {isa = PBXFileReference; lastKnownFileType = file.storyboard; name = Base; path = Base.lproj/LaunchScreen.storyboard; sourceTree = "<group>"; };
		A3CC9E201DA419380006369F /* Info.plist */ = {isa = PBXFileReference; lastKnownFileType = text.plist.xml; path = Info.plist; sourceTree = "<group>"; };
		A3CC9E2A1DA41A630006369F /* FlightViewController.swift */ = {isa = PBXFileReference; fileEncoding = 4; lastKnownFileType = sourcecode.swift; path = FlightViewController.swift; sourceTree = "<group>"; };
		A3CC9E2D1DA41A710006369F /* BusViewController.swift */ = {isa = PBXFileReference; fileEncoding = 4; lastKnownFileType = sourcecode.swift; path = BusViewController.swift; sourceTree = "<group>"; };
		A3CC9E2F1DA41A7C0006369F /* TrainViewController.swift */ = {isa = PBXFileReference; fileEncoding = 4; lastKnownFileType = sourcecode.swift; path = TrainViewController.swift; sourceTree = "<group>"; };
/* End PBXFileReference section */

/* Begin PBXFrameworksBuildPhase section */
		A3CC9E0C1DA419380006369F /* Frameworks */ = {
			isa = PBXFrameworksBuildPhase;
			buildActionMask = 2147483647;
			files = (
			);
			runOnlyForDeploymentPostprocessing = 0;
		};
/* End PBXFrameworksBuildPhase section */

/* Begin PBXGroup section */
		A3CC9E061DA419380006369F = {
			isa = PBXGroup;
			children = (
				A3CC9E111DA419380006369F /* GoEuroTest */,
				A3CC9E101DA419380006369F /* Products */,
			);
			sourceTree = "<group>";
		};
		A3CC9E101DA419380006369F /* Products */ = {
			isa = PBXGroup;
			children = (
				A3CC9E0F1DA419380006369F /* GoEuroTest.app */,
			);
			name = Products;
			sourceTree = "<group>";
		};
		A3CC9E111DA419380006369F /* GoEuroTest */ = {
			isa = PBXGroup;
			children = (
				A3CC9E281DA41A630006369F /* Bus */,
				A3CC9E291DA41A630006369F /* Flight */,
				A3CC9E2B1DA41A630006369F /* Train */,
				A3CC9E121DA419380006369F /* AppDelegate.swift */,
				A3CC9E181DA419380006369F /* Main.storyboard */,
				A3CC9E1B1DA419380006369F /* Assets.xcassets */,
				A3CC9E1D1DA419380006369F /* LaunchScreen.storyboard */,
				A3CC9E201DA419380006369F /* Info.plist */,
			);
			path = GoEuroTest;
			sourceTree = "<group>";
		};
		A3CC9E281DA41A630006369F /* Bus */ = {
			isa = PBXGroup;
			children = (
				A3CC9E2D1DA41A710006369F /* BusViewController.swift */,
			);
			path = Bus;
			sourceTree = "<group>";
		};
		A3CC9E291DA41A630006369F /* Flight */ = {
			isa = PBXGroup;
			children = (
				A3CC9E2A1DA41A630006369F /* FlightViewController.swift */,
			);
			path = Flight;
			sourceTree = "<group>";
		};
		A3CC9E2B1DA41A630006369F /* Train */ = {
			isa = PBXGroup;
			children = (
				A3CC9E2F1DA41A7C0006369F /* TrainViewController.swift */,
			);
			path = Train;
			sourceTree = "<group>";
		};
/* End PBXGroup section */

/* Begin PBXNativeTarget section */
		A3CC9E0E1DA419380006369F /* GoEuroTest */ = {
			isa = PBXNativeTarget;
			buildConfigurationList = A3CC9E231DA419380006369F /* Build configuration list for PBXNativeTarget "GoEuroTest" */;
			buildPhases = (
				A3CC9E0B1DA419380006369F /* Sources */,
				A3CC9E0C1DA419380006369F /* Frameworks */,
				A3CC9E0D1DA419380006369F /* Resources */,
			);
			buildRules = (
			);
			dependencies = (
			);
			name = GoEuroTest;
			productName = GoEuroTest;
			productReference = A3CC9E0F1DA419380006369F /* GoEuroTest.app */;
			productType = "com.apple.product-type.application";
		};
/* End PBXNativeTarget section */

/* Begin PBXProject section */
		A3CC9E071DA419380006369F /* Project object */ = {
			isa = PBXProject;
			attributes = {
				LastSwiftUpdateCheck = 0730;
				LastUpgradeCheck = 0730;
				ORGANIZATIONNAME = UrbanClap;
				TargetAttributes = {
					A3CC9E0E1DA419380006369F = {
						CreatedOnToolsVersion = 7.3;
					};
				};
			};
			buildConfigurationList = A3CC9E0A1DA419380006369F /* Build configuration list for PBXProject "GoEuroTest" */;
			compatibilityVersion = "Xcode 3.2";
			developmentRegion = English;
			hasScannedForEncodings = 0;
			knownRegions = (
				en,
				Base,
			);
			mainGroup = A3CC9E061DA419380006369F;
			productRefGroup = A3CC9E101DA419380006369F /* Products */;
			projectDirPath = "";
			projectRoot = "";
			targets = (
				A3CC9E0E1DA419380006369F /* GoEuroTest */,
			);
		};
/* End PBXProject section */

/* Begin PBXResourcesBuildPhase section */
		A3CC9E0D1DA419380006369F /* Resources */ = {
			isa = PBXResourcesBuildPhase;
			buildActionMask = 2147483647;
			files = (
				A3CC9E1F1DA419380006369F /* LaunchScreen.storyboard in Resources */,
				A3CC9E1C1DA419380006369F /* Assets.xcassets in Resources */,
				A3CC9E1A1DA419380006369F /* Main.storyboard in Resources */,
			);
			runOnlyForDeploymentPostprocessing = 0;
		};
/* End PBXResourcesBuildPhase section */

/* Begin PBXSourcesBuildPhase section */
		A3CC9E0B1DA419380006369F /* Sources */ = {
			isa = PBXSourcesBuildPhase;
			buildActionMask = 2147483647;
			files = (
				A3CC9E131DA419380006369F /* AppDelegate.swift in Sources */,
				A3CC9E2E1DA41A710006369F /* BusViewController.swift in Sources */,
				A3CC9E2C1DA41A630006369F /* FlightViewController.swift in Sources */,
				A3CC9E301DA41A7C0006369F /* TrainViewController.swift in Sources */,
			);
			runOnlyForDeploymentPostprocessing = 0;
		};
/* End PBXSourcesBuildPhase section */

/* Begin PBXVariantGroup section */
		A3CC9E181DA419380006369F /* Main.storyboard */ = {
			isa = PBXVariantGroup;
			children = (
				A3CC9E191DA419380006369F /* Base */,
			);
			name = Main.storyboard;
			sourceTree = "<group>";
		};
		A3CC9E1D1DA419380006369F /* LaunchScreen.storyboard */ = {
			isa = PBXVariantGroup;
			children = (
				A3CC9E1E1DA419380006369F /* Base */,
			);
			name = LaunchScreen.storyboard;
			sourceTree = "<group>";
		};
/* End PBXVariantGroup section */

/* Begin XCBuildConfiguration section */
		A3CC9E211DA419380006369F /* Debug */ = {
			isa = XCBuildConfiguration;
			buildSettings = {
				ALWAYS_SEARCH_USER_PATHS = NO;
				CLANG_ANALYZER_NONNULL = YES;
				CLANG_CXX_LANGUAGE_STANDARD = "gnu++0x";
				CLANG_CXX_LIBRARY = "libc++";
				CLANG_ENABLE_MODULES = YES;
				CLANG_ENABLE_OBJC_ARC = YES;
				CLANG_WARN_BOOL_CONVERSION = YES;
				CLANG_WARN_CONSTANT_CONVERSION = YES;
				CLANG_WARN_DIRECT_OBJC_ISA_USAGE = YES_ERROR;
				CLANG_WARN_EMPTY_BODY = YES;
				CLANG_WARN_ENUM_CONVERSION = YES;
				CLANG_WARN_INT_CONVERSION = YES;
				CLANG_WARN_OBJC_ROOT_CLASS = YES_ERROR;
				CLANG_WARN_UNREACHABLE_CODE = YES;
				CLANG_WARN__DUPLICATE_METHOD_MATCH = YES;
				"CODE_SIGN_IDENTITY[sdk=iphoneos*]" = "iPhone Developer";
				COPY_PHASE_STRIP = NO;
				DEBUG_INFORMATION_FORMAT = dwarf;
				ENABLE_STRICT_OBJC_MSGSEND = YES;
				ENABLE_TESTABILITY = YES;
				GCC_C_LANGUAGE_STANDARD = gnu99;
				GCC_DYNAMIC_NO_PIC = NO;
				GCC_NO_COMMON_BLOCKS = YES;
				GCC_OPTIMIZATION_LEVEL = 0;
				GCC_PREPROCESSOR_DEFINITIONS = (
					"DEBUG=1",
					"$(inherited)",
				);
				GCC_WARN_64_TO_32_BIT_CONVERSION = YES;
				GCC_WARN_ABOUT_RETURN_TYPE = YES_ERROR;
				GCC_WARN_UNDECLARED_SELECTOR = YES;
				GCC_WARN_UNINITIALIZED_AUTOS = YES_AGGRESSIVE;
				GCC_WARN_UNUSED_FUNCTION = YES;
				GCC_WARN_UNUSED_VARIABLE = YES;
				IPHONEOS_DEPLOYMENT_TARGET = 9.3;
				MTL_ENABLE_DEBUG_INFO = YES;
				ONLY_ACTIVE_ARCH = YES;
				SDKROOT = iphoneos;
				SWIFT_OPTIMIZATION_LEVEL = "-Onone";
			};
			name = Debug;
		};
		A3CC9E221DA419380006369F /* Release */ = {
			isa = XCBuildConfiguration;
			buildSettings = {
				ALWAYS_SEARCH_USER_PATHS = NO;
				CLANG_ANALYZER_NONNULL = YES;
				CLANG_CXX_LANGUAGE_STANDARD = "gnu++0x";
				CLANG_CXX_LIBRARY = "libc++";
				CLANG_ENABLE_MODULES = YES;
				CLANG_ENABLE_OBJC_ARC = YES;
				CLANG_WARN_BOOL_CONVERSION = YES;
				CLANG_WARN_CONSTANT_CONVERSION = YES;
				CLANG_WARN_DIRECT_OBJC_ISA_USAGE = YES_ERROR;
				CLANG_WARN_EMPTY_BODY = YES;
				CLANG_WARN_ENUM_CONVERSION = YES;
				CLANG_WARN_INT_CONVERSION = YES;
				CLANG_WARN_OBJC_ROOT_CLASS = YES_ERROR;
				CLANG_WARN_UNREACHABLE_CODE = YES;
				CLANG_WARN__DUPLICATE_METHOD_MATCH = YES;
				"CODE_SIGN_IDENTITY[sdk=iphoneos*]" = "iPhone Developer";
				COPY_PHASE_STRIP = NO;
				DEBUG_INFORMATION_FORMAT = "dwarf-with-dsym";
				ENABLE_NS_ASSERTIONS = NO;
				ENABLE_STRICT_OBJC_MSGSEND = YES;
				GCC_C_LANGUAGE_STANDARD = gnu99;
				GCC_NO_COMMON_BLOCKS = YES;
				GCC_WARN_64_TO_32_BIT_CONVERSION = YES;
				GCC_WARN_ABOUT_RETURN_TYPE = YES_ERROR;
				GCC_WARN_UNDECLARED_SELECTOR = YES;
				GCC_WARN_UNINITIALIZED_AUTOS = YES_AGGRESSIVE;
				GCC_WARN_UNUSED_FUNCTION = YES;
				GCC_WARN_UNUSED_VARIABLE = YES;
				IPHONEOS_DEPLOYMENT_TARGET = 9.3;
				MTL_ENABLE_DEBUG_INFO = NO;
				SDKROOT = iphoneos;
				VALIDATE_PRODUCT = YES;
			};
			name = Release;
		};
		A3CC9E241DA419380006369F /* Debug */ = {
			isa = XCBuildConfiguration;
			buildSettings = {
				ASSETCATALOG_COMPILER_APPICON_NAME = AppIcon;
				INFOPLIST_FILE = GoEuroTest/Info.plist;
				LD_RUNPATH_SEARCH_PATHS = "$(inherited) @executable_path/Frameworks";
				PRODUCT_BUNDLE_IDENTIFIER = com.goeuro.test.GoEuroTest;
				PRODUCT_NAME = "$(TARGET_NAME)";
			};
			name = Debug;
		};
		A3CC9E251DA419380006369F /* Release */ = {
			isa = XCBuildConfiguration;
			buildSettings = {
				ASSETCATALOG_COMPILER_APPICON_NAME = AppIcon;
				INFOPLIST_FILE = GoEuroTest/Info.plist;
				LD_RUNPATH_SEARCH_PATHS = "$(inherited) @executable_path/Frameworks";
				PRODUCT_BUNDLE_IDENTIFIER = com.goeuro.test.GoEuroTest;
				PRODUCT_NAME = "$(TARGET_NAME)";
			};
			name = Release;
		};
/* End XCBuildConfiguration section */

/* Begin XCConfigurationList section */
		A3CC9E0A1DA419380006369F /* Build configuration list for PBXProject "GoEuroTest" */ = {
			isa = XCConfigurationList;
			buildConfigurations = (
				A3CC9E211DA419380006369F /* Debug */,
				A3CC9E221DA419380006369F /* Release */,
			);
			defaultConfigurationIsVisible = 0;
			defaultConfigurationName = Release;
		};
		A3CC9E231DA419380006369F /* Build configuration list for PBXNativeTarget "GoEuroTest" */ = {
			isa = XCConfigurationList;
			buildConfigurations = (
				A3CC9E241DA419380006369F /* Debug */,
				A3CC9E251DA419380006369F /* Release */,
			);
			defaultConfigurationIsVisible = 0;
		};
/* End XCConfigurationList section */
	};
	rootObject = A3CC9E071DA419380006369F /* Project object */;
}
